
Microsoft Visual Studio Solution File, Format Version 12.00
# Visual Studio Version 16
VisualStudioVersion = 16.0.29411.108
MinimumVisualStudioVersion = 10.0.40219.1
Project("{8BC9CEB8-8B4A-11D0-8D11-00A0C91BC942}") = "VexTest", "VexTest\VexTest.vcxproj", "{BFDEBCA0-EA48-46C2-9A60-FC84178D3E76}"
EndProject
Project("{2150E333-8FDC-42A3-9474-1A3956D46DE8}") = "Solution Items", "Solution Items", "{35D2F108-51F7-4451-898F-28F13FE91E72}"
	ProjectSection(SolutionItems) = preProject
		..\..\..\..\..\Program Files\CoppeliaRobotics\CoppeliaSimEdu\programming\remoteApi\extApi.c = ..\..\..\..\..\Program Files\CoppeliaRobotics\CoppeliaSimEdu\programming\remoteApi\extApi.c
		..\..\..\..\..\Program Files\CoppeliaRobotics\CoppeliaSimEdu\programming\remoteApi\extApi.h = ..\..\..\..\..\Program Files\CoppeliaRobotics\CoppeliaSimEdu\programming\remoteApi\extApi.h
		..\..\..\..\..\Program Files\CoppeliaRobotics\CoppeliaSimEdu\programming\remoteApi\extApiPlatform.c = ..\..\..\..\..\Program Files\CoppeliaRobotics\CoppeliaSimEdu\programming\remoteApi\extApiPlatform.c
		..\..\..\..\..\Program Files\CoppeliaRobotics\CoppeliaSimEdu\programming\remoteApi\extApiPlatform.h = ..\..\..\..\..\Program Files\CoppeliaRobotics\CoppeliaSimEdu\programming\remoteApi\extApiPlatform.h
		..\TestRun\TestRun\FinalCoppelia\FinalCoppelia\FinalCoppelia\FinalCoppelia.cpp = ..\TestRun\TestRun\FinalCoppelia\FinalCoppelia\FinalCoppelia\FinalCoppelia.cpp
		..\Vrep_Tutorial\vrepTest\vrepTest\vrepTest.cpp = ..\Vrep_Tutorial\vrepTest\vrepTest\vrepTest.cpp
	EndProjectSection
EndProject
Global
	GlobalSection(SolutionConfigurationPlatforms) = preSolution
		Debug|x64 = Debug|x64
		Debug|x86 = Debug|x86
		Release|x64 = Release|x64
		Release|x86 = Release|x86
	EndGlobalSection
	GlobalSection(ProjectConfigurationPlatforms) = postSolution
		{BFDEBCA0-EA48-46C2-9A60-FC84178D3E76}.Debug|x64.ActiveCfg = Debug|x64
		{BFDEBCA0-EA48-46C2-9A60-FC84178D3E76}.Debug|x64.Build.0 = Debug|x64
		{BFDEBCA0-EA48-46C2-9A60-FC84178D3E76}.Debug|x86.ActiveCfg = Debug|Win32
		{BFDEBCA0-EA48-46C2-9A60-FC84178D3E76}.Debug|x86.Build.0 = Debug|Win32
		{BFDEBCA0-EA48-46C2-9A60-FC84178D3E76}.Release|x64.ActiveCfg = Release|x64
		{BFDEBCA0-EA48-46C2-9A60-FC84178D3E76}.Release|x64.Build.0 = Release|x64
		{BFDEBCA0-EA48-46C2-9A60-FC84178D3E76}.Release|x86.ActiveCfg = Release|Win32
		{BFDEBCA0-EA48-46C2-9A60-FC84178D3E76}.Release|x86.Build.0 = Release|Win32
	EndGlobalSection
	GlobalSection(SolutionProperties) = preSolution
		HideSolutionNode = FALSE
	EndGlobalSection
	GlobalSection(ExtensibilityGlobals) = postSolution
		SolutionGuid = {9A34F1FE-CF43-49D2-808E-1006BDFBDF76}
	EndGlobalSection
EndGlobal
